// !$*UTF8*$!
{
	archiveVersion = 1;
	classes = {
	};
	objectVersion = 46;
	objects = {

/* Begin PBXBuildFile section */
		A9FB50131D64C659002E9E1E /* AppDelegate.swift in Sources */ = {isa = PBXBuildFile; fileRef = A9FB50121D64C659002E9E1E /* AppDelegate.swift */; };
		A9FB50151D64C659002E9E1E /* ViewController.swift in Sources */ = {isa = PBXBuildFile; fileRef = A9FB50141D64C659002E9E1E /* ViewController.swift */; };
		A9FB50181D64C659002E9E1E /* Main.storyboard in Resources */ = {isa = PBXBuildFile; fileRef = A9FB50161D64C659002E9E1E /* Main.storyboard */; };
		A9FB501A1D64C659002E9E1E /* Assets.xcassets in Resources */ = {isa = PBXBuildFile; fileRef = A9FB50191D64C659002E9E1E /* Assets.xcassets */; };
		A9FB501D1D64C659002E9E1E /* LaunchScreen.storyboard in Resources */ = {isa = PBXBuildFile; fileRef = A9FB501B1D64C659002E9E1E /* LaunchScreen.storyboard */; };
/* End PBXBuildFile section */

/* Begin PBXFileReference section */
		A9FB500F1D64C659002E9E1E /* colorSwitcherWithSliders.app */ = {isa = PBXFileReference; explicitFileType = wrapper.application; includeInIndex = 0; path = colorSwitcherWithSliders.app; sourceTree = BUILT_PRODUCTS_DIR; };
		A9FB50121D64C659002E9E1E /* AppDelegate.swift */ = {isa = PBXFileReference; lastKnownFileType = sourcecode.swift; path = AppDelegate.swift; sourceTree = "<group>"; };
		A9FB50141D64C659002E9E1E /* ViewController.swift */ = {isa = PBXFileReference; lastKnownFileType = sourcecode.swift; path = ViewController.swift; sourceTree = "<group>"; };
		A9FB50171D64C659002E9E1E /* Base */ = {isa = PBXFileReference; lastKnownFileType = file.storyboard; name = Base; path = Base.lproj/Main.storyboard; sourceTree = "<group>"; };
		A9FB50191D64C659002E9E1E /* Assets.xcassets */ = {isa = PBXFileReference; lastKnownFileType = folder.assetcatalog; path = Assets.xcassets; sourceTree = "<group>"; };
		A9FB501C1D64C659002E9E1E /* Base */ = {isa = PBXFileReference; lastKnownFileType = file.storyboard; name = Base; path = Base.lproj/LaunchScreen.storyboard; sourceTree = "<group>"; };
		A9FB501E1D64C659002E9E1E /* Info.plist */ = {isa = PBXFileReference; lastKnownFileType = text.plist.xml; path = Info.plist; sourceTree = "<group>"; };
/* End PBXFileReference section */

/* Begin PBXFrameworksBuildPhase section */
		A9FB500C1D64C659002E9E1E /* Frameworks */ = {
			isa = PBXFrameworksBuildPhase;
			buildActionMask = 2147483647;
			files = (
			);
			runOnlyForDeploymentPostprocessing = 0;
		};
/* End PBXFrameworksBuildPhase section */

/* Begin PBXGroup section */
		A9FB50061D64C659002E9E1E = {
			isa = PBXGroup;
			children = (
				A9FB50111D64C659002E9E1E /* colorSwitcherWithSliders */,
				A9FB50101D64C659002E9E1E /* Products */,
			);
			sourceTree = "<group>";
		};
		A9FB50101D64C659002E9E1E /* Products */ = {
			isa = PBXGroup;
			children = (
				A9FB500F1D64C659002E9E1E /* colorSwitcherWithSliders.app */,
			);
			name = Products;
			sourceTree = "<group>";
		};
		A9FB50111D64C659002E9E1E /* colorSwitcherWithSliders */ = {
			isa = PBXGroup;
			children = (
				A9FB50121D64C659002E9E1E /* AppDelegate.swift */,
				A9FB50141D64C659002E9E1E /* ViewController.swift */,
				A9FB50161D64C659002E9E1E /* Main.storyboard */,
				A9FB50191D64C659002E9E1E /* Assets.xcassets */,
				A9FB501B1D64C659002E9E1E /* LaunchScreen.storyboard */,
				A9FB501E1D64C659002E9E1E /* Info.plist */,
			);
			path = colorSwitcherWithSliders;
			sourceTree = "<group>";
		};
/* End PBXGroup section */

/* Begin PBXNativeTarget section */
		A9FB500E1D64C659002E9E1E /* colorSwitcherWithSliders */ = {
			isa = PBXNativeTarget;
			buildConfigurationList = A9FB50211D64C659002E9E1E /* Build configuration list for PBXNativeTarget "colorSwitcherWithSliders" */;
			buildPhases = (
				A9FB500B1D64C659002E9E1E /* Sources */,
				A9FB500C1D64C659002E9E1E /* Frameworks */,
				A9FB500D1D64C659002E9E1E /* Resources */,
			);
			buildRules = (
			);
			dependencies = (
			);
			name = colorSwitcherWithSliders;
			productName = colorSwitcherWithSliders;
			productReference = A9FB500F1D64C659002E9E1E /* colorSwitcherWithSliders.app */;
			productType = "com.apple.product-type.application";
		};
/* End PBXNativeTarget section */

/* Begin PBXProject section */
		A9FB50071D64C659002E9E1E /* Project object */ = {
			isa = PBXProject;
			attributes = {
				LastSwiftUpdateCheck = 0730;
				LastUpgradeCheck = 0730;
				ORGANIZATIONNAME = "Nimble Ltd.";
				TargetAttributes = {
					A9FB500E1D64C659002E9E1E = {
						CreatedOnToolsVersion = 7.3.1;
						DevelopmentTeam = 2MPDK3XW7Q;
					};
				};
			};
			buildConfigurationList = A9FB500A1D64C659002E9E1E /* Build configuration list for PBXProject "colorSwitcherWithSliders" */;
			compatibilityVersion = "Xcode 3.2";
			developmentRegion = English;
			hasScannedForEncodings = 0;
			knownRegions = (
				en,
				Base,
			);
			mainGroup = A9FB50061D64C659002E9E1E;
			productRefGroup = A9FB50101D64C659002E9E1E /* Products */;
			projectDirPath = "";
			projectRoot = "";
			targets = (
				A9FB500E1D64C659002E9E1E /* colorSwitcherWithSliders */,
			);
		};
/* End PBXProject section */

/* Begin PBXResourcesBuildPhase section */
		A9FB500D1D64C659002E9E1E /* Resources */ = {
			isa = PBXResourcesBuildPhase;
			buildActionMask = 2147483647;
			files = (
				A9FB501D1D64C659002E9E1E /* LaunchScreen.storyboard in Resources */,
				A9FB501A1D64C659002E9E1E /* Assets.xcassets in Resources */,
				A9FB50181D64C659002E9E1E /* Main.storyboard in Resources */,
			);
			runOnlyForDeploymentPostprocessing = 0;
		};
/* End PBXResourcesBuildPhase section */

/* Begin PBXSourcesBuildPhase section */
		A9FB500B1D64C659002E9E1E /* Sources */ = {
			isa = PBXSourcesBuildPhase;
			buildActionMask = 2147483647;
			files = (
				A9FB50151D64C659002E9E1E /* ViewController.swift in Sources */,
				A9FB50131D64C659002E9E1E /* AppDelegate.swift in Sources */,
			);
			runOnlyForDeploymentPostprocessing = 0;
		};
/* End PBXSourcesBuildPhase section */

/* Begin PBXVariantGroup section */
		A9FB50161D64C659002E9E1E /* Main.storyboard */ = {
			isa = PBXVariantGroup;
			children = (
				A9FB50171D64C659002E9E1E /* Base */,
			);
			name = Main.storyboard;
			sourceTree = "<group>";
		};
		A9FB501B1D64C659002E9E1E /* LaunchScreen.storyboard */ = {
			isa = PBXVariantGroup;
			children = (
				A9FB501C1D64C659002E9E1E /* Base */,
			);
			name = LaunchScreen.storyboard;
			sourceTree = "<group>";
		};
/* End PBXVariantGroup section */

/* Begin XCBuildConfiguration section */
		A9FB501F1D64C659002E9E1E /* Debug */ = {
			isa = XCBuildConfiguration;
			buildSettings = {
				ALWAYS_SEARCH_USER_PATHS = NO;
				CLANG_ANALYZER_NONNULL = YES;
				CLANG_CXX_LANGUAGE_STANDARD = "gnu++0x";
				CLANG_CXX_LIBRARY = "libc++";
				CLANG_ENABLE_MODULES = YES;
				CLANG_ENABLE_OBJC_ARC = YES;
				CLANG_WARN_BOOL_CONVERSION = YES;
				CLANG_WARN_CONSTANT_CONVERSION = YES;
				CLANG_WARN_DIRECT_OBJC_ISA_USAGE = YES_ERROR;
				CLANG_WARN_EMPTY_BODY = YES;
				CLANG_WARN_ENUM_CONVERSION = YES;
				CLANG_WARN_INT_CONVERSION = YES;
				CLANG_WARN_OBJC_ROOT_CLASS = YES_ERROR;
				CLANG_WARN_UNREACHABLE_CODE = YES;
				CLANG_WARN__DUPLICATE_METHOD_MATCH = YES;
				"CODE_SIGN_IDENTITY[sdk=iphoneos*]" = "iPhone Developer";
				COPY_PHASE_STRIP = NO;
				DEBUG_INFORMATION_FORMAT = dwarf;
				ENABLE_STRICT_OBJC_MSGSEND = YES;
				ENABLE_TESTABILITY = YES;
				GCC_C_LANGUAGE_STANDARD = gnu99;
				GCC_DYNAMIC_NO_PIC = NO;
				GCC_NO_COMMON_BLOCKS = YES;
				GCC_OPTIMIZATION_LEVEL = 0;
				GCC_PREPROCESSOR_DEFINITIONS = (
					"DEBUG=1",
					"$(inherited)",
				);
				GCC_WARN_64_TO_32_BIT_CONVERSION = YES;
				GCC_WARN_ABOUT_RETURN_TYPE = YES_ERROR;
				GCC_WARN_UNDECLARED_SELECTOR = YES;
				GCC_WARN_UNINITIALIZED_AUTOS = YES_AGGRESSIVE;
				GCC_WARN_UNUSED_FUNCTION = YES;
				GCC_WARN_UNUSED_VARIABLE = YES;
				IPHONEOS_DEPLOYMENT_TARGET = 9.3;
				MTL_ENABLE_DEBUG_INFO = YES;
				ONLY_ACTIVE_ARCH = YES;
				SDKROOT = iphoneos;
				SWIFT_OPTIMIZATION_LEVEL = "-Onone";
				TARGETED_DEVICE_FAMILY = "1,2";
			};
			name = Debug;
		};
		A9FB50201D64C659002E9E1E /* Release */ = {
			isa = XCBuildConfiguration;
			buildSettings = {
				ALWAYS_SEARCH_USER_PATHS = NO;
				CLANG_ANALYZER_NONNULL = YES;
				CLANG_CXX_LANGUAGE_STANDARD = "gnu++0x";
				CLANG_CXX_LIBRARY = "libc++";
				CLANG_ENABLE_MODULES = YES;
				CLANG_ENABLE_OBJC_ARC = YES;
				CLANG_WARN_BOOL_CONVERSION = YES;
				CLANG_WARN_CONSTANT_CONVERSION = YES;
				CLANG_WARN_DIRECT_OBJC_ISA_USAGE = YES_ERROR;
				CLANG_WARN_EMPTY_BODY = YES;
				CLANG_WARN_ENUM_CONVERSION = YES;
				CLANG_WARN_INT_CONVERSION = YES;
				CLANG_WARN_OBJC_ROOT_CLASS = YES_ERROR;
				CLANG_WARN_UNREACHABLE_CODE = YES;
				CLANG_WARN__DUPLICATE_METHOD_MATCH = YES;
				"CODE_SIGN_IDENTITY[sdk=iphoneos*]" = "iPhone Developer";
				COPY_PHASE_STRIP = NO;
				DEBUG_INFORMATION_FORMAT = "dwarf-with-dsym";
				ENABLE_NS_ASSERTIONS = NO;
				ENABLE_STRICT_OBJC_MSGSEND = YES;
				GCC_C_LANGUAGE_STANDARD = gnu99;
				GCC_NO_COMMON_BLOCKS = YES;
				GCC_WARN_64_TO_32_BIT_CONVERSION = YES;
				GCC_WARN_ABOUT_RETURN_TYPE = YES_ERROR;
				GCC_WARN_UNDECLARED_SELECTOR = YES;
				GCC_WARN_UNINITIALIZED_AUTOS = YES_AGGRESSIVE;
				GCC_WARN_UNUSED_FUNCTION = YES;
				GCC_WARN_UNUSED_VARIABLE = YES;
				IPHONEOS_DEPLOYMENT_TARGET = 9.3;
				MTL_ENABLE_DEBUG_INFO = NO;
				SDKROOT = iphoneos;
				TARGETED_DEVICE_FAMILY = "1,2";
				VALIDATE_PRODUCT = YES;
			};
			name = Release;
		};
		A9FB50221D64C659002E9E1E /* Debug */ = {
			isa = XCBuildConfiguration;
			buildSettings = {
				ASSETCATALOG_COMPILER_APPICON_NAME = AppIcon;
				INFOPLIST_FILE = colorSwitcherWithSliders/Info.plist;
				LD_RUNPATH_SEARCH_PATHS = "$(inherited) @executable_path/Frameworks";
				PRODUCT_BUNDLE_IDENTIFIER = com.nimbleltd.colorSwitcherWithSliders;
				PRODUCT_NAME = "$(TARGET_NAME)";
			};
			name = Debug;
		};
		A9FB50231D64C659002E9E1E /* Release */ = {
			isa = XCBuildConfiguration;
			buildSettings = {
				ASSETCATALOG_COMPILER_APPICON_NAME = AppIcon;
				INFOPLIST_FILE = colorSwitcherWithSliders/Info.plist;
				LD_RUNPATH_SEARCH_PATHS = "$(inherited) @executable_path/Frameworks";
				PRODUCT_BUNDLE_IDENTIFIER = com.nimbleltd.colorSwitcherWithSliders;
				PRODUCT_NAME = "$(TARGET_NAME)";
			};
			name = Release;
		};
/* End XCBuildConfiguration section */

/* Begin XCConfigurationList section */
		A9FB500A1D64C659002E9E1E /* Build configuration list for PBXProject "colorSwitcherWithSliders" */ = {
			isa = XCConfigurationList;
			buildConfigurations = (
				A9FB501F1D64C659002E9E1E /* Debug */,
				A9FB50201D64C659002E9E1E /* Release */,
			);
			defaultConfigurationIsVisible = 0;
			defaultConfigurationName = Release;
		};
		A9FB50211D64C659002E9E1E /* Build configuration list for PBXNativeTarget "colorSwitcherWithSliders" */ = {
			isa = XCConfigurationList;
			buildConfigurations = (
				A9FB50221D64C659002E9E1E /* Debug */,
				A9FB50231D64C659002E9E1E /* Release */,
			);
			defaultConfigurationIsVisible = 0;
		};
/* End XCConfigurationList section */
	};
	rootObject = A9FB50071D64C659002E9E1E /* Project object */;
}
